// !$*UTF8*$!
{
	archiveVersion = 1;
	classes = {
	};
	objectVersion = 56;
	objects = {

/* Begin PBXBuildFile section */
		L10N00000001 /* LocaleHelper.swift in Sources */ = {isa = PBXBuildFile; fileRef = L10N00000002 /* LocaleHelper.swift */; };
		L10N00000003 /* Localizable.xcstrings in Resources */ = {isa = PBXBuildFile; fileRef = L10N00000004 /* Localizable.xcstrings */; };
		BA1ADB364EA9431BA6EA7916 /* ExerciseModels.swift in Sources */ = {isa = PBXBuildFile; fileRef = B6C31F120363481BB82DF7C2 /* ExerciseModels.swift */; };
		D053C50CAE1B4BAB9B5F2B07 /* WorkoutTemplate.swift in Sources */ = {isa = PBXBuildFile; fileRef = 1FD3DD2735664CC981EB96D9 /* WorkoutTemplate.swift */; };
		EE363289665C4440B4152B34 /* ExerciseLibrary.swift in Sources */ = {isa = PBXBuildFile; fileRef = A8606C7C2F334D44863C231C /* ExerciseLibrary.swift */; };
		737EAEDD29384867A2F7D2EF /* ExerciseLibraryView.swift in Sources */ = {isa = PBXBuildFile; fileRef = 88D5AE05F31841BD98C9D2C1 /* ExerciseLibraryView.swift */; };
		51147FF0BAB34B698D769E79 /* WorkoutTemplatesView.swift in Sources */ = {isa = PBXBuildFile; fileRef = E072528195634065ADC29FAA /* WorkoutTemplatesView.swift */; };
		17614C8684394FE9949CF9B4 /* WeightTrendsView.swift in Sources */ = {isa = PBXBuildFile; fileRef = FDD132FB0AEC4B72B0C6F08D /* WeightTrendsView.swift */; };
		5ED34009F7ED49F5AA39FE3E /* WeightTrendsViewModel.swift in Sources */ = {isa = PBXBuildFile; fileRef = 15D89E466068469CA52102F5 /* WeightTrendsViewModel.swift */; };
		0424201D2D474F7CAC86B71A /* WorkoutTemplatesViewModel.swift in Sources */ = {isa = PBXBuildFile; fileRef = 55D62AD9B22347EDBDE8FF7D /* WorkoutTemplatesViewModel.swift */; };
		A1000001238D0001 /* FitPulseApp.swift in Sources */ = {isa = PBXBuildFile; fileRef = A1000001238D0002 /* FitPulseApp.swift */; };
		A1000001238D0003 /* ContentView.swift in Sources */ = {isa = PBXBuildFile; fileRef = A1000001238D0004 /* ContentView.swift */; };
		A1000001238D0005 /* Assets.xcassets in Resources */ = {isa = PBXBuildFile; fileRef = A1000001238D0006 /* Assets.xcassets */; };
		A1000001238D0007 /* DashboardView.swift in Sources */ = {isa = PBXBuildFile; fileRef = A1000001238D0008 /* DashboardView.swift */; };
		A1000001238D0009 /* WorkoutsView.swift in Sources */ = {isa = PBXBuildFile; fileRef = A1000001238D000A /* WorkoutsView.swift */; };
		A1000001238D000B /* NutritionView.swift in Sources */ = {isa = PBXBuildFile; fileRef = A1000001238D000C /* NutritionView.swift */; };
		A1000001238D000D /* RecoveryView.swift in Sources */ = {isa = PBXBuildFile; fileRef = A1000001238D000E /* RecoveryView.swift */; };
		A1000001238D000F /* SettingsView.swift in Sources */ = {isa = PBXBuildFile; fileRef = A1000001238D0010 /* SettingsView.swift */; };
		A1000001238D0011 /* HealthModels.swift in Sources */ = {isa = PBXBuildFile; fileRef = A1000001238D0012 /* HealthModels.swift */; };
		A1000001238D0013 /* UserProfile.swift in Sources */ = {isa = PBXBuildFile; fileRef = A1000001238D0014 /* UserProfile.swift */; };
		A1000001238D0015 /* HealthKitService.swift in Sources */ = {isa = PBXBuildFile; fileRef = A1000001238D0016 /* HealthKitService.swift */; };
		A1000001238D0017 /* NutritionCalculator.swift in Sources */ = {isa = PBXBuildFile; fileRef = A1000001238D0018 /* NutritionCalculator.swift */; };
		A1000001238D0019 /* RecoveryAnalyzer.swift in Sources */ = {isa = PBXBuildFile; fileRef = A1000001238D001A /* RecoveryAnalyzer.swift */; };
		A1000001238D001B /* DashboardViewModel.swift in Sources */ = {isa = PBXBuildFile; fileRef = A1000001238D001C /* DashboardViewModel.swift */; };
		A1000001238D001D /* WorkoutsViewModel.swift in Sources */ = {isa = PBXBuildFile; fileRef = A1000001238D001E /* WorkoutsViewModel.swift */; };
		A1000001238D001F /* NutritionViewModel.swift in Sources */ = {isa = PBXBuildFile; fileRef = A1000001238D0020 /* NutritionViewModel.swift */; };
		A1000001238D0021 /* RecoveryViewModel.swift in Sources */ = {isa = PBXBuildFile; fileRef = A1000001238D0022 /* RecoveryViewModel.swift */; };
		A1000001238D0023 /* SettingsViewModel.swift in Sources */ = {isa = PBXBuildFile; fileRef = A1000001238D0024 /* SettingsViewModel.swift */; };
		A1000001238D0025 /* MetricCard.swift in Sources */ = {isa = PBXBuildFile; fileRef = A1000001238D0026 /* MetricCard.swift */; };
		A1000001238D0027 /* ActivityRing.swift in Sources */ = {isa = PBXBuildFile; fileRef = A1000001238D0028 /* ActivityRing.swift */; };
		A1000001238D0029 /* TrendChart.swift in Sources */ = {isa = PBXBuildFile; fileRef = A1000001238D002A /* TrendChart.swift */; };
		A1000001238D002B /* MealCard.swift in Sources */ = {isa = PBXBuildFile; fileRef = A1000001238D002C /* MealCard.swift */; };
		A1000001238D002D /* RecoveryIndicator.swift in Sources */ = {isa = PBXBuildFile; fileRef = A1000001238D002E /* RecoveryIndicator.swift */; };
		A1000001238D002F /* Date+Extensions.swift in Sources */ = {isa = PBXBuildFile; fileRef = A1000001238D0030 /* Date+Extensions.swift */; };
		A1000001238D0031 /* Color+Extensions.swift in Sources */ = {isa = PBXBuildFile; fileRef = A1000001238D0032 /* Color+Extensions.swift */; };
		A1000001238D0033 /* Double+Extensions.swift in Sources */ = {isa = PBXBuildFile; fileRef = A1000001238D0034 /* Double+Extensions.swift */; };
		A1000001238D0035 /* WorkoutDetailView.swift in Sources */ = {isa = PBXBuildFile; fileRef = A1000001238D0036 /* WorkoutDetailView.swift */; };
		A1000001238D0037 /* OnboardingView.swift in Sources */ = {isa = PBXBuildFile; fileRef = A1000001238D0038 /* OnboardingView.swift */; };
		A1000001238D0039 /* InsightsView.swift in Sources */ = {isa = PBXBuildFile; fileRef = A1000001238D003A /* InsightsView.swift */; };
		A1000001238D003B /* MealPlannerService.swift in Sources */ = {isa = PBXBuildFile; fileRef = A1000001238D003C /* MealPlannerService.swift */; };
		A1000001238D003D /* PersistenceController.swift in Sources */ = {isa = PBXBuildFile; fileRef = A1000001238D003E /* PersistenceController.swift */; };
		A1000001238D003F /* WorkoutCard.swift in Sources */ = {isa = PBXBuildFile; fileRef = A1000001238D0040 /* WorkoutCard.swift */; };
		A1000001238D0041 /* MacroRing.swift in Sources */ = {isa = PBXBuildFile; fileRef = A1000001238D0042 /* MacroRing.swift */; };
		A1000001238D0043 /* WeeklyProgressView.swift in Sources */ = {isa = PBXBuildFile; fileRef = A1000001238D0044 /* WeeklyProgressView.swift */; };
		A1000001238D0045 /* HealthKit.framework in Frameworks */ = {isa = PBXBuildFile; fileRef = A1000001238D0046 /* HealthKit.framework */; };
		A1000001238D0060 /* GymView.swift in Sources */ = {isa = PBXBuildFile; fileRef = A1000001238D0061 /* GymView.swift */; };
		A1000001238D0062 /* ChatView.swift in Sources */ = {isa = PBXBuildFile; fileRef = A1000001238D0063 /* ChatView.swift */; };
		A1000001238D0064 /* ProfileView.swift in Sources */ = {isa = PBXBuildFile; fileRef = A1000001238D0065 /* ProfileView.swift */; };
		A1000001238D0066 /* GymWorkoutDetailView.swift in Sources */ = {isa = PBXBuildFile; fileRef = A1000001238D0067 /* GymWorkoutDetailView.swift */; };
		A1000001238D0068 /* WorkoutPlanGeneratorView.swift in Sources */ = {isa = PBXBuildFile; fileRef = A1000001238D0069 /* WorkoutPlanGeneratorView.swift */; };
		A1000001238D006A /* LLMService.swift in Sources */ = {isa = PBXBuildFile; fileRef = A1000001238D006B /* LLMService.swift */; };
		A1000001238D006C /* HealthDataParser.swift in Sources */ = {isa = PBXBuildFile; fileRef = A1000001238D006D /* HealthDataParser.swift */; };
		A1000001238D00D0 /* NutritionDatabase.swift in Sources */ = {isa = PBXBuildFile; fileRef = A1000001238D00D1 /* NutritionDatabase.swift */; };
		A1000001238D006E /* GymViewModel.swift in Sources */ = {isa = PBXBuildFile; fileRef = A1000001238D006F /* GymViewModel.swift */; };
		A1000001238D0070 /* LocalLLMService.swift in Sources */ = {isa = PBXBuildFile; fileRef = A1000001238D0071 /* LocalLLMService.swift */; };
		A1000001238D0072 /* LlamaContext.swift in Sources */ = {isa = PBXBuildFile; fileRef = A1000001238D0073 /* LlamaContext.swift */; };
		A1000001238D0080 /* HydrationModels.swift in Sources */ = {isa = PBXBuildFile; fileRef = A1000001238D0081 /* HydrationModels.swift */; };
		A1000001238D0082 /* HydrationService.swift in Sources */ = {isa = PBXBuildFile; fileRef = A1000001238D0083 /* HydrationService.swift */; };
		A1000001238D0084 /* TrainingNutritionService.swift in Sources */ = {isa = PBXBuildFile; fileRef = A1000001238D0085 /* TrainingNutritionService.swift */; };
		A1000001238D0086 /* HydrationViewModel.swift in Sources */ = {isa = PBXBuildFile; fileRef = A1000001238D0087 /* HydrationViewModel.swift */; };
		A1000001238D0088 /* HydrationView.swift in Sources */ = {isa = PBXBuildFile; fileRef = A1000001238D0089 /* HydrationView.swift */; };
		A1000001238D008A /* HydrationCard.swift in Sources */ = {isa = PBXBuildFile; fileRef = A1000001238D008B /* HydrationCard.swift */; };
		A1000001238D0090 /* HomeView.swift in Sources */ = {isa = PBXBuildFile; fileRef = A1000001238D0091 /* HomeView.swift */; };
		A1000001238D0092 /* HomeViewModel.swift in Sources */ = {isa = PBXBuildFile; fileRef = A1000001238D0093 /* HomeViewModel.swift */; };
		A1000001238D0094 /* TodaysPriorityCard.swift in Sources */ = {isa = PBXBuildFile; fileRef = A1000001238D0095 /* TodaysPriorityCard.swift */; };
		A1000001238D0096 /* MomentumRing.swift in Sources */ = {isa = PBXBuildFile; fileRef = A1000001238D0097 /* MomentumRing.swift */; };
		A1000001238D0098 /* QuickActionsBar.swift in Sources */ = {isa = PBXBuildFile; fileRef = A1000001238D0099 /* QuickActionsBar.swift */; };
		A1000001238D00A0 /* EngagementModels.swift in Sources */ = {isa = PBXBuildFile; fileRef = A1000001238D00A1 /* EngagementModels.swift */; };
		A1000001238D00A2 /* StreakService.swift in Sources */ = {isa = PBXBuildFile; fileRef = A1000001238D00A3 /* StreakService.swift */; };
		A1000001238D00A4 /* AchievementService.swift in Sources */ = {isa = PBXBuildFile; fileRef = A1000001238D00A5 /* AchievementService.swift */; };
		A1000001238D00A6 /* NotificationService.swift in Sources */ = {isa = PBXBuildFile; fileRef = A1000001238D00A7 /* NotificationService.swift */; };
		A1000001238D00A8 /* GoalPredictionService.swift in Sources */ = {isa = PBXBuildFile; fileRef = A1000001238D00A9 /* GoalPredictionService.swift */; };
		A1000001238D00AA /* ChallengeService.swift in Sources */ = {isa = PBXBuildFile; fileRef = A1000001238D00AB /* ChallengeService.swift */; };
		A1000001238D00AC /* StreakComponents.swift in Sources */ = {isa = PBXBuildFile; fileRef = A1000001238D00AD /* StreakComponents.swift */; };
		A1000001238D00AE /* AchievementComponents.swift in Sources */ = {isa = PBXBuildFile; fileRef = A1000001238D00AF /* AchievementComponents.swift */; };
		A1000001238D00B0 /* GoalProgressComponents.swift in Sources */ = {isa = PBXBuildFile; fileRef = A1000001238D00B1 /* GoalProgressComponents.swift */; };
		A1000001238D00B2 /* ChallengeComponents.swift in Sources */ = {isa = PBXBuildFile; fileRef = A1000001238D00B3 /* ChallengeComponents.swift */; };
		A1000001238D00B4 /* EngagementViewModel.swift in Sources */ = {isa = PBXBuildFile; fileRef = A1000001238D00B5 /* EngagementViewModel.swift */; };
		A1000001238D00B6 /* EngagementView.swift in Sources */ = {isa = PBXBuildFile; fileRef = A1000001238D00B7 /* EngagementView.swift */; };
		087A4FCC92CC410D9A74E2C6 /* SubscriptionManager.swift in Sources */ = {isa = PBXBuildFile; fileRef = 7062C6A3DDAE47AD8E76774A /* SubscriptionManager.swift */; };
		69B4BC059A254A208A1B71A2 /* PaywallView.swift in Sources */ = {isa = PBXBuildFile; fileRef = F08D589AB6624BA999ADF9D4 /* PaywallView.swift */; };
		98F39FDA69924FF38730CE74 /* AnalyticsDashboardViewModel.swift in Sources */ = {isa = PBXBuildFile; fileRef = 88D44D41302944139A30630A /* AnalyticsDashboardViewModel.swift */; };
		9EFD657C58CD40DCAFC4EF7B /* AnalyticsDashboardView.swift in Sources */ = {isa = PBXBuildFile; fileRef = 015FAD51E0B640A1AE68D4BB /* AnalyticsDashboardView.swift */; };
		EF704445392443E9801A964F /* ReportGenerator.swift in Sources */ = {isa = PBXBuildFile; fileRef = DDE544E683BC45228CABAC9C /* ReportGenerator.swift */; };
		C1A00001000000C1 /* AuthModels.swift in Sources */ = {isa = PBXBuildFile; fileRef = C1A00001000000C2 /* AuthModels.swift */; };
		C1A00001000000C3 /* AuthService.swift in Sources */ = {isa = PBXBuildFile; fileRef = C1A00001000000C4 /* AuthService.swift */; };
		C1A00001000000C5 /* CloudSyncService.swift in Sources */ = {isa = PBXBuildFile; fileRef = C1A00001000000C6 /* CloudSyncService.swift */; };
		C1A00001000000C7 /* AuthView.swift in Sources */ = {isa = PBXBuildFile; fileRef = C1A00001000000C8 /* AuthView.swift */; };
		C1A00001000000D1 /* GoogleSignIn in Frameworks */ = {isa = PBXBuildFile; productRef = C1A00001000000D0 /* GoogleSignIn */; };
		C1A00001000000D3 /* GoogleSignInSwift in Frameworks */ = {isa = PBXBuildFile; productRef = C1A00001000000D2 /* GoogleSignInSwift */; };
		B1LLAMA00000000B /* gemma-3-1b-it-Q4_K_M.gguf in Resources */ = {isa = PBXBuildFile; fileRef = B1LLAMA00000000A /* gemma-3-1b-it-Q4_K_M.gguf */; };
		B1LLAMA0000000F1 /* llama.xcframework in Frameworks */ = {isa = PBXBuildFile; fileRef = B1LLAMA0000000F0 /* llama.xcframework */; };
		B1LLAMA0000000F2 /* llama.xcframework in Embed Frameworks */ = {isa = PBXBuildFile; fileRef = B1LLAMA0000000F0 /* llama.xcframework */; settings = {ATTRIBUTES = (CodeSignOnCopy, RemoveHeadersOnCopy, ); }; };
/* End PBXBuildFile section */

/* Begin PBXFileReference section */
		L10N00000002 /* LocaleHelper.swift */ = {isa = PBXFileReference; lastKnownFileType = sourcecode.swift; path = LocaleHelper.swift; sourceTree = "<group>"; };
		L10N00000004 /* Localizable.xcstrings */ = {isa = PBXFileReference; lastKnownFileType = text.json.xcstrings; path = Localizable.xcstrings; sourceTree = "<group>"; };
		B6C31F120363481BB82DF7C2 /* ExerciseModels.swift */ = {isa = PBXFileReference; lastKnownFileType = sourcecode.swift; path = ExerciseModels.swift; sourceTree = "<group>"; };
		1FD3DD2735664CC981EB96D9 /* WorkoutTemplate.swift */ = {isa = PBXFileReference; lastKnownFileType = sourcecode.swift; path = WorkoutTemplate.swift; sourceTree = "<group>"; };
		A8606C7C2F334D44863C231C /* ExerciseLibrary.swift */ = {isa = PBXFileReference; lastKnownFileType = sourcecode.swift; path = ExerciseLibrary.swift; sourceTree = "<group>"; };
		88D5AE05F31841BD98C9D2C1 /* ExerciseLibraryView.swift */ = {isa = PBXFileReference; lastKnownFileType = sourcecode.swift; path = ExerciseLibraryView.swift; sourceTree = "<group>"; };
		E072528195634065ADC29FAA /* WorkoutTemplatesView.swift */ = {isa = PBXFileReference; lastKnownFileType = sourcecode.swift; path = WorkoutTemplatesView.swift; sourceTree = "<group>"; };
		FDD132FB0AEC4B72B0C6F08D /* WeightTrendsView.swift */ = {isa = PBXFileReference; lastKnownFileType = sourcecode.swift; path = WeightTrendsView.swift; sourceTree = "<group>"; };
		15D89E466068469CA52102F5 /* WeightTrendsViewModel.swift */ = {isa = PBXFileReference; lastKnownFileType = sourcecode.swift; path = WeightTrendsViewModel.swift; sourceTree = "<group>"; };
		55D62AD9B22347EDBDE8FF7D /* WorkoutTemplatesViewModel.swift */ = {isa = PBXFileReference; lastKnownFileType = sourcecode.swift; path = WorkoutTemplatesViewModel.swift; sourceTree = "<group>"; };
		A1000001238D0000 /* FitPulse.app */ = {isa = PBXFileReference; explicitFileType = wrapper.application; includeInIndex = 0; path = FitPulse.app; sourceTree = BUILT_PRODUCTS_DIR; };
		A1000001238D0002 /* FitPulseApp.swift */ = {isa = PBXFileReference; lastKnownFileType = sourcecode.swift; path = FitPulseApp.swift; sourceTree = "<group>"; };
		A1000001238D0004 /* ContentView.swift */ = {isa = PBXFileReference; lastKnownFileType = sourcecode.swift; path = ContentView.swift; sourceTree = "<group>"; };
		A1000001238D0006 /* Assets.xcassets */ = {isa = PBXFileReference; lastKnownFileType = folder.assetcatalog; path = Assets.xcassets; sourceTree = "<group>"; };
		A1000001238D0008 /* DashboardView.swift */ = {isa = PBXFileReference; lastKnownFileType = sourcecode.swift; path = DashboardView.swift; sourceTree = "<group>"; };
		A1000001238D000A /* WorkoutsView.swift */ = {isa = PBXFileReference; lastKnownFileType = sourcecode.swift; path = WorkoutsView.swift; sourceTree = "<group>"; };
		A1000001238D000C /* NutritionView.swift */ = {isa = PBXFileReference; lastKnownFileType = sourcecode.swift; path = NutritionView.swift; sourceTree = "<group>"; };
		A1000001238D000E /* RecoveryView.swift */ = {isa = PBXFileReference; lastKnownFileType = sourcecode.swift; path = RecoveryView.swift; sourceTree = "<group>"; };
		A1000001238D0010 /* SettingsView.swift */ = {isa = PBXFileReference; lastKnownFileType = sourcecode.swift; path = SettingsView.swift; sourceTree = "<group>"; };
		A1000001238D0012 /* HealthModels.swift */ = {isa = PBXFileReference; lastKnownFileType = sourcecode.swift; path = HealthModels.swift; sourceTree = "<group>"; };
		A1000001238D0014 /* UserProfile.swift */ = {isa = PBXFileReference; lastKnownFileType = sourcecode.swift; path = UserProfile.swift; sourceTree = "<group>"; };
		A1000001238D0016 /* HealthKitService.swift */ = {isa = PBXFileReference; lastKnownFileType = sourcecode.swift; path = HealthKitService.swift; sourceTree = "<group>"; };
		A1000001238D0018 /* NutritionCalculator.swift */ = {isa = PBXFileReference; lastKnownFileType = sourcecode.swift; path = NutritionCalculator.swift; sourceTree = "<group>"; };
		A1000001238D001A /* RecoveryAnalyzer.swift */ = {isa = PBXFileReference; lastKnownFileType = sourcecode.swift; path = RecoveryAnalyzer.swift; sourceTree = "<group>"; };
		A1000001238D001C /* DashboardViewModel.swift */ = {isa = PBXFileReference; lastKnownFileType = sourcecode.swift; path = DashboardViewModel.swift; sourceTree = "<group>"; };
		A1000001238D001E /* WorkoutsViewModel.swift */ = {isa = PBXFileReference; lastKnownFileType = sourcecode.swift; path = WorkoutsViewModel.swift; sourceTree = "<group>"; };
		A1000001238D0020 /* NutritionViewModel.swift */ = {isa = PBXFileReference; lastKnownFileType = sourcecode.swift; path = NutritionViewModel.swift; sourceTree = "<group>"; };
		A1000001238D0022 /* RecoveryViewModel.swift */ = {isa = PBXFileReference; lastKnownFileType = sourcecode.swift; path = RecoveryViewModel.swift; sourceTree = "<group>"; };
		A1000001238D0024 /* SettingsViewModel.swift */ = {isa = PBXFileReference; lastKnownFileType = sourcecode.swift; path = SettingsViewModel.swift; sourceTree = "<group>"; };
		A1000001238D0026 /* MetricCard.swift */ = {isa = PBXFileReference; lastKnownFileType = sourcecode.swift; path = MetricCard.swift; sourceTree = "<group>"; };
		A1000001238D0028 /* ActivityRing.swift */ = {isa = PBXFileReference; lastKnownFileType = sourcecode.swift; path = ActivityRing.swift; sourceTree = "<group>"; };
		A1000001238D002A /* TrendChart.swift */ = {isa = PBXFileReference; lastKnownFileType = sourcecode.swift; path = TrendChart.swift; sourceTree = "<group>"; };
		A1000001238D002C /* MealCard.swift */ = {isa = PBXFileReference; lastKnownFileType = sourcecode.swift; path = MealCard.swift; sourceTree = "<group>"; };
		A1000001238D002E /* RecoveryIndicator.swift */ = {isa = PBXFileReference; lastKnownFileType = sourcecode.swift; path = RecoveryIndicator.swift; sourceTree = "<group>"; };
		A1000001238D0030 /* Date+Extensions.swift */ = {isa = PBXFileReference; lastKnownFileType = sourcecode.swift; path = "Date+Extensions.swift"; sourceTree = "<group>"; };
		A1000001238D0032 /* Color+Extensions.swift */ = {isa = PBXFileReference; lastKnownFileType = sourcecode.swift; path = "Color+Extensions.swift"; sourceTree = "<group>"; };
		A1000001238D0034 /* Double+Extensions.swift */ = {isa = PBXFileReference; lastKnownFileType = sourcecode.swift; path = "Double+Extensions.swift"; sourceTree = "<group>"; };
		A1000001238D0036 /* WorkoutDetailView.swift */ = {isa = PBXFileReference; lastKnownFileType = sourcecode.swift; path = WorkoutDetailView.swift; sourceTree = "<group>"; };
		A1000001238D0038 /* OnboardingView.swift */ = {isa = PBXFileReference; lastKnownFileType = sourcecode.swift; path = OnboardingView.swift; sourceTree = "<group>"; };
		A1000001238D003A /* InsightsView.swift */ = {isa = PBXFileReference; lastKnownFileType = sourcecode.swift; path = InsightsView.swift; sourceTree = "<group>"; };
		A1000001238D003C /* MealPlannerService.swift */ = {isa = PBXFileReference; lastKnownFileType = sourcecode.swift; path = MealPlannerService.swift; sourceTree = "<group>"; };
		A1000001238D003E /* PersistenceController.swift */ = {isa = PBXFileReference; lastKnownFileType = sourcecode.swift; path = PersistenceController.swift; sourceTree = "<group>"; };
		A1000001238D0040 /* WorkoutCard.swift */ = {isa = PBXFileReference; lastKnownFileType = sourcecode.swift; path = WorkoutCard.swift; sourceTree = "<group>"; };
		A1000001238D0042 /* MacroRing.swift */ = {isa = PBXFileReference; lastKnownFileType = sourcecode.swift; path = MacroRing.swift; sourceTree = "<group>"; };
		A1000001238D0044 /* WeeklyProgressView.swift */ = {isa = PBXFileReference; lastKnownFileType = sourcecode.swift; path = WeeklyProgressView.swift; sourceTree = "<group>"; };
		A1000001238D0046 /* HealthKit.framework */ = {isa = PBXFileReference; lastKnownFileType = wrapper.framework; name = HealthKit.framework; path = System/Library/Frameworks/HealthKit.framework; sourceTree = SDKROOT; };
		A1000001238D0047 /* FitPulse.entitlements */ = {isa = PBXFileReference; lastKnownFileType = text.plist.entitlements; path = FitPulse.entitlements; sourceTree = "<group>"; };
		A1000001238D0048 /* Info.plist */ = {isa = PBXFileReference; lastKnownFileType = text.plist.xml; path = Info.plist; sourceTree = "<group>"; };
		A1000001238D0061 /* GymView.swift */ = {isa = PBXFileReference; lastKnownFileType = sourcecode.swift; path = GymView.swift; sourceTree = "<group>"; };
		A1000001238D0063 /* ChatView.swift */ = {isa = PBXFileReference; lastKnownFileType = sourcecode.swift; path = ChatView.swift; sourceTree = "<group>"; };
		A1000001238D0065 /* ProfileView.swift */ = {isa = PBXFileReference; lastKnownFileType = sourcecode.swift; path = ProfileView.swift; sourceTree = "<group>"; };
		A1000001238D0067 /* GymWorkoutDetailView.swift */ = {isa = PBXFileReference; lastKnownFileType = sourcecode.swift; path = GymWorkoutDetailView.swift; sourceTree = "<group>"; };
		A1000001238D0069 /* WorkoutPlanGeneratorView.swift */ = {isa = PBXFileReference; lastKnownFileType = sourcecode.swift; path = WorkoutPlanGeneratorView.swift; sourceTree = "<group>"; };
		A1000001238D006B /* LLMService.swift */ = {isa = PBXFileReference; lastKnownFileType = sourcecode.swift; path = LLMService.swift; sourceTree = "<group>"; };
		A1000001238D006D /* HealthDataParser.swift */ = {isa = PBXFileReference; lastKnownFileType = sourcecode.swift; path = HealthDataParser.swift; sourceTree = "<group>"; };
		A1000001238D00D1 /* NutritionDatabase.swift */ = {isa = PBXFileReference; lastKnownFileType = sourcecode.swift; path = NutritionDatabase.swift; sourceTree = "<group>"; };
		A1000001238D006F /* GymViewModel.swift */ = {isa = PBXFileReference; lastKnownFileType = sourcecode.swift; path = GymViewModel.swift; sourceTree = "<group>"; };
		A1000001238D0071 /* LocalLLMService.swift */ = {isa = PBXFileReference; lastKnownFileType = sourcecode.swift; path = LocalLLMService.swift; sourceTree = "<group>"; };
		A1000001238D0073 /* LlamaContext.swift */ = {isa = PBXFileReference; lastKnownFileType = sourcecode.swift; path = LlamaContext.swift; sourceTree = "<group>"; };
		A1000001238D0081 /* HydrationModels.swift */ = {isa = PBXFileReference; lastKnownFileType = sourcecode.swift; path = HydrationModels.swift; sourceTree = "<group>"; };
		A1000001238D0083 /* HydrationService.swift */ = {isa = PBXFileReference; lastKnownFileType = sourcecode.swift; path = HydrationService.swift; sourceTree = "<group>"; };
		A1000001238D0085 /* TrainingNutritionService.swift */ = {isa = PBXFileReference; lastKnownFileType = sourcecode.swift; path = TrainingNutritionService.swift; sourceTree = "<group>"; };
		A1000001238D0087 /* HydrationViewModel.swift */ = {isa = PBXFileReference; lastKnownFileType = sourcecode.swift; path = HydrationViewModel.swift; sourceTree = "<group>"; };
		A1000001238D0089 /* HydrationView.swift */ = {isa = PBXFileReference; lastKnownFileType = sourcecode.swift; path = HydrationView.swift; sourceTree = "<group>"; };
		A1000001238D008B /* HydrationCard.swift */ = {isa = PBXFileReference; lastKnownFileType = sourcecode.swift; path = HydrationCard.swift; sourceTree = "<group>"; };
		A1000001238D0091 /* HomeView.swift */ = {isa = PBXFileReference; lastKnownFileType = sourcecode.swift; path = HomeView.swift; sourceTree = "<group>"; };
		A1000001238D0093 /* HomeViewModel.swift */ = {isa = PBXFileReference; lastKnownFileType = sourcecode.swift; path = HomeViewModel.swift; sourceTree = "<group>"; };
		A1000001238D0095 /* TodaysPriorityCard.swift */ = {isa = PBXFileReference; lastKnownFileType = sourcecode.swift; path = TodaysPriorityCard.swift; sourceTree = "<group>"; };
		A1000001238D0097 /* MomentumRing.swift */ = {isa = PBXFileReference; lastKnownFileType = sourcecode.swift; path = MomentumRing.swift; sourceTree = "<group>"; };
		A1000001238D0099 /* QuickActionsBar.swift */ = {isa = PBXFileReference; lastKnownFileType = sourcecode.swift; path = QuickActionsBar.swift; sourceTree = "<group>"; };
		A1000001238D00A1 /* EngagementModels.swift */ = {isa = PBXFileReference; lastKnownFileType = sourcecode.swift; path = EngagementModels.swift; sourceTree = "<group>"; };
		A1000001238D00A3 /* StreakService.swift */ = {isa = PBXFileReference; lastKnownFileType = sourcecode.swift; path = StreakService.swift; sourceTree = "<group>"; };
		A1000001238D00A5 /* AchievementService.swift */ = {isa = PBXFileReference; lastKnownFileType = sourcecode.swift; path = AchievementService.swift; sourceTree = "<group>"; };
		A1000001238D00A7 /* NotificationService.swift */ = {isa = PBXFileReference; lastKnownFileType = sourcecode.swift; path = NotificationService.swift; sourceTree = "<group>"; };
		A1000001238D00A9 /* GoalPredictionService.swift */ = {isa = PBXFileReference; lastKnownFileType = sourcecode.swift; path = GoalPredictionService.swift; sourceTree = "<group>"; };
		A1000001238D00AB /* ChallengeService.swift */ = {isa = PBXFileReference; lastKnownFileType = sourcecode.swift; path = ChallengeService.swift; sourceTree = "<group>"; };
		A1000001238D00AD /* StreakComponents.swift */ = {isa = PBXFileReference; lastKnownFileType = sourcecode.swift; path = StreakComponents.swift; sourceTree = "<group>"; };
		A1000001238D00AF /* AchievementComponents.swift */ = {isa = PBXFileReference; lastKnownFileType = sourcecode.swift; path = AchievementComponents.swift; sourceTree = "<group>"; };
		A1000001238D00B1 /* GoalProgressComponents.swift */ = {isa = PBXFileReference; lastKnownFileType = sourcecode.swift; path = GoalProgressComponents.swift; sourceTree = "<group>"; };
		A1000001238D00B3 /* ChallengeComponents.swift */ = {isa = PBXFileReference; lastKnownFileType = sourcecode.swift; path = ChallengeComponents.swift; sourceTree = "<group>"; };
		A1000001238D00B5 /* EngagementViewModel.swift */ = {isa = PBXFileReference; lastKnownFileType = sourcecode.swift; path = EngagementViewModel.swift; sourceTree = "<group>"; };
		A1000001238D00B7 /* EngagementView.swift */ = {isa = PBXFileReference; lastKnownFileType = sourcecode.swift; path = EngagementView.swift; sourceTree = "<group>"; };
		7062C6A3DDAE47AD8E76774A /* SubscriptionManager.swift */ = {isa = PBXFileReference; lastKnownFileType = sourcecode.swift; path = SubscriptionManager.swift; sourceTree = "<group>"; };
		F08D589AB6624BA999ADF9D4 /* PaywallView.swift */ = {isa = PBXFileReference; lastKnownFileType = sourcecode.swift; path = PaywallView.swift; sourceTree = "<group>"; };
		88D44D41302944139A30630A /* AnalyticsDashboardViewModel.swift */ = {isa = PBXFileReference; lastKnownFileType = sourcecode.swift; path = AnalyticsDashboardViewModel.swift; sourceTree = "<group>"; };
		015FAD51E0B640A1AE68D4BB /* AnalyticsDashboardView.swift */ = {isa = PBXFileReference; lastKnownFileType = sourcecode.swift; path = AnalyticsDashboardView.swift; sourceTree = "<group>"; };
		DDE544E683BC45228CABAC9C /* ReportGenerator.swift */ = {isa = PBXFileReference; lastKnownFileType = sourcecode.swift; path = ReportGenerator.swift; sourceTree = "<group>"; };
		C1A00001000000C2 /* AuthModels.swift */ = {isa = PBXFileReference; lastKnownFileType = sourcecode.swift; path = AuthModels.swift; sourceTree = "<group>"; };
		C1A00001000000C4 /* AuthService.swift */ = {isa = PBXFileReference; lastKnownFileType = sourcecode.swift; path = AuthService.swift; sourceTree = "<group>"; };
		C1A00001000000C6 /* CloudSyncService.swift */ = {isa = PBXFileReference; lastKnownFileType = sourcecode.swift; path = CloudSyncService.swift; sourceTree = "<group>"; };
		C1A00001000000C8 /* AuthView.swift */ = {isa = PBXFileReference; lastKnownFileType = sourcecode.swift; path = AuthView.swift; sourceTree = "<group>"; };
		B1LLAMA0000000F0 /* llama.xcframework */ = {isa = PBXFileReference; lastKnownFileType = wrapper.xcframework; path = llama.xcframework; sourceTree = "<group>"; };
		B1LLAMA00000000A /* gemma-3-1b-it-Q4_K_M.gguf */ = {isa = PBXFileReference; lastKnownFileType = file; path = "gemma-3-1b-it-Q4_K_M.gguf"; sourceTree = "<group>"; };
/* End PBXFileReference section */

/* Begin PBXFrameworksBuildPhase section */
		A1000001238DFFFD /* Frameworks */ = {
			isa = PBXFrameworksBuildPhase;
			buildActionMask = 2147483647;
			files = (
				A1000001238D0045 /* HealthKit.framework in Frameworks */,
				B1LLAMA0000000F1 /* llama.xcframework in Frameworks */,
				C1A00001000000D1 /* GoogleSignIn in Frameworks */,
				C1A00001000000D3 /* GoogleSignInSwift in Frameworks */,
			);
			runOnlyForDeploymentPostprocessing = 0;
		};
/* End PBXFrameworksBuildPhase section */

/* Begin PBXCopyFilesBuildPhase section */
		B1LLAMA0000000F3 /* Embed Frameworks */ = {
			isa = PBXCopyFilesBuildPhase;
			buildActionMask = 2147483647;
			dstPath = "";
			dstSubfolderSpec = 10;
			files = (
				B1LLAMA0000000F2 /* llama.xcframework in Embed Frameworks */,
			);
			name = "Embed Frameworks";
			runOnlyForDeploymentPostprocessing = 0;
		};
/* End PBXCopyFilesBuildPhase section */

/* Begin PBXGroup section */
		A1000001238DFFF7 = {
			isa = PBXGroup;
			children = (
				A1000001238DFFF8 /* FitPulse */,
				A1000001238DFFFF /* Products */,
				A1000001238D0049 /* Frameworks */,
				B1LLAMA0000000F0 /* llama.xcframework */,
				B1LLAMA00000000A /* gemma-3-1b-it-Q4_K_M.gguf */,
			);
			sourceTree = "<group>";
		};
		A1000001238DFFF8 /* FitPulse */ = {
			isa = PBXGroup;
			children = (
				A1000001238D0047 /* FitPulse.entitlements */,
				A1000001238D0048 /* Info.plist */,
				L10N00000004 /* Localizable.xcstrings */,
				A1000001238DFFF9 /* Sources */,
				A1000001238DFFFA /* Resources */,
			);
			path = FitPulse;
			sourceTree = "<group>";
		};
		A1000001238DFFF9 /* Sources */ = {
			isa = PBXGroup;
			children = (
				A1000001238DFFFB /* App */,
				A1000001238DFFFC /* Views */,
				A1000001238DFFFD2 /* ViewModels */,
				A1000001238DFFFE /* Models */,
				A1000001238DFFFF2 /* Services */,
				A1000001238D0050 /* Components */,
				A1000001238D0051 /* Extensions */,
			);
			path = Sources;
			sourceTree = "<group>";
		};
		A1000001238DFFFA /* Resources */ = {
			isa = PBXGroup;
			children = (
				A1000001238D0006 /* Assets.xcassets */,
			);
			path = Resources;
			sourceTree = "<group>";
		};
		A1000001238DFFFB /* App */ = {
			isa = PBXGroup;
			children = (
				A1000001238D0002 /* FitPulseApp.swift */,
				A1000001238D0004 /* ContentView.swift */,
			);
			path = App;
			sourceTree = "<group>";
		};
		A1000001238DFFFC /* Views */ = {
			isa = PBXGroup;
			children = (
				A1000001238D0091 /* HomeView.swift */,
				A1000001238D0008 /* DashboardView.swift */,
				A1000001238D0089 /* HydrationView.swift */,
				A1000001238D000A /* WorkoutsView.swift */,
				A1000001238D000C /* NutritionView.swift */,
				A1000001238D000E /* RecoveryView.swift */,
				A1000001238D0010 /* SettingsView.swift */,
				A1000001238D0036 /* WorkoutDetailView.swift */,
				A1000001238D0038 /* OnboardingView.swift */,
				A1000001238D003A /* InsightsView.swift */,
				A1000001238D0044 /* WeeklyProgressView.swift */,
				A1000001238D0061 /* GymView.swift */,
				A1000001238D0063 /* ChatView.swift */,
				FDD132FB0AEC4B72B0C6F08D /* WeightTrendsView.swift */,
				E072528195634065ADC29FAA /* WorkoutTemplatesView.swift */,
				88D5AE05F31841BD98C9D2C1 /* ExerciseLibraryView.swift */,
				A1000001238D0065 /* ProfileView.swift */,
				A1000001238D0067 /* GymWorkoutDetailView.swift */,
				A1000001238D0069 /* WorkoutPlanGeneratorView.swift */,
				A1000001238D00B7 /* EngagementView.swift */,
				015FAD51E0B640A1AE68D4BB /* AnalyticsDashboardView.swift */,
				F08D589AB6624BA999ADF9D4 /* PaywallView.swift */,
				C1A00001000000C8 /* AuthView.swift */,
			);
			path = Views;
			sourceTree = "<group>";
		};
		A1000001238DFFFD2 /* ViewModels */ = {
			isa = PBXGroup;
			children = (
				A1000001238D0093 /* HomeViewModel.swift */,
				A1000001238D001C /* DashboardViewModel.swift */,
				A1000001238D0087 /* HydrationViewModel.swift */,
				A1000001238D001E /* WorkoutsViewModel.swift */,
				A1000001238D0020 /* NutritionViewModel.swift */,
				55D62AD9B22347EDBDE8FF7D /* WorkoutTemplatesViewModel.swift */,
				15D89E466068469CA52102F5 /* WeightTrendsViewModel.swift */,
				A1000001238D0022 /* RecoveryViewModel.swift */,
				A1000001238D0024 /* SettingsViewModel.swift */,
				A1000001238D006F /* GymViewModel.swift */,
				A1000001238D00B5 /* EngagementViewModel.swift */,
				88D44D41302944139A30630A /* AnalyticsDashboardViewModel.swift */,
			);
			path = ViewModels;
			sourceTree = "<group>";
		};
		A1000001238DFFFE /* Models */ = {
			isa = PBXGroup;
			children = (
				A1000001238D0012 /* HealthModels.swift */,
				A1000001238D0081 /* HydrationModels.swift */,
				A1000001238D0014 /* UserProfile.swift */,
				1FD3DD2735664CC981EB96D9 /* WorkoutTemplate.swift */,
				B6C31F120363481BB82DF7C2 /* ExerciseModels.swift */,
				A1000001238D00A1 /* EngagementModels.swift */,
				C1A00001000000C2 /* AuthModels.swift */,
			);
			path = Models;
			sourceTree = "<group>";
		};
		A1000001238DFFFF /* Products */ = {
			isa = PBXGroup;
			children = (
				A1000001238D0000 /* FitPulse.app */,
			);
			name = Products;
			sourceTree = "<group>";
		};
		A1000001238DFFFF2 /* Services */ = {
			isa = PBXGroup;
			children = (
				A1000001238D0016 /* HealthKitService.swift */,
				A1000001238D0083 /* HydrationService.swift */,
				A1000001238D0018 /* NutritionCalculator.swift */,
				A1000001238D001A /* RecoveryAnalyzer.swift */,
				A1000001238D003C /* MealPlannerService.swift */,
				A1000001238D003E /* PersistenceController.swift */,
				A1000001238D0085 /* TrainingNutritionService.swift */,
				A1000001238D006B /* LLMService.swift */,
				A8606C7C2F334D44863C231C /* ExerciseLibrary.swift */,
				A1000001238D006D /* HealthDataParser.swift */,
				A1000001238D00D1 /* NutritionDatabase.swift */,
				A1000001238D0071 /* LocalLLMService.swift */,
				A1000001238D0073 /* LlamaContext.swift */,
				A1000001238D00A3 /* StreakService.swift */,
				A1000001238D00A5 /* AchievementService.swift */,
				A1000001238D00A7 /* NotificationService.swift */,
				A1000001238D00A9 /* GoalPredictionService.swift */,
				A1000001238D00AB /* ChallengeService.swift */,
				DDE544E683BC45228CABAC9C /* ReportGenerator.swift */,
				7062C6A3DDAE47AD8E76774A /* SubscriptionManager.swift */,
				C1A00001000000C4 /* AuthService.swift */,
				C1A00001000000C6 /* CloudSyncService.swift */,
				L10N00000002 /* LocaleHelper.swift */,
			);
			path = Services;
			sourceTree = "<group>";
		};
		A1000001238D0049 /* Frameworks */ = {
			isa = PBXGroup;
			children = (
				A1000001238D0046 /* HealthKit.framework */,
				B1LLAMA0000000F0 /* llama.xcframework */,
			);
			name = Frameworks;
			sourceTree = "<group>";
		};
		A1000001238D0050 /* Components */ = {
			isa = PBXGroup;
			children = (
				A1000001238D0095 /* TodaysPriorityCard.swift */,
				A1000001238D0097 /* MomentumRing.swift */,
				A1000001238D0099 /* QuickActionsBar.swift */,
				A1000001238D008B /* HydrationCard.swift */,
				A1000001238D0026 /* MetricCard.swift */,
				A1000001238D0028 /* ActivityRing.swift */,
				A1000001238D002A /* TrendChart.swift */,
				A1000001238D002C /* MealCard.swift */,
				A1000001238D002E /* RecoveryIndicator.swift */,
				A1000001238D0040 /* WorkoutCard.swift */,
				A1000001238D0042 /* MacroRing.swift */,
				A1000001238D00AD /* StreakComponents.swift */,
				A1000001238D00AF /* AchievementComponents.swift */,
				A1000001238D00B1 /* GoalProgressComponents.swift */,
				A1000001238D00B3 /* ChallengeComponents.swift */,
			);
			path = Components;
			sourceTree = "<group>";
		};
		A1000001238D0051 /* Extensions */ = {
			isa = PBXGroup;
			children = (
				A1000001238D0030 /* Date+Extensions.swift */,
				A1000001238D0032 /* Color+Extensions.swift */,
				A1000001238D0034 /* Double+Extensions.swift */,
			);
			path = Extensions;
			sourceTree = "<group>";
		};
/* End PBXGroup section */

/* Begin PBXNativeTarget section */
		A1000001238DFFFF1 /* FitPulse */ = {
			isa = PBXNativeTarget;
			buildConfigurationList = A1000001238D0052 /* Build configuration list for PBXNativeTarget "FitPulse" */;
			buildPhases = (
				A1000001238DFFFC1 /* Sources */,
				A1000001238DFFFD /* Frameworks */,
				A1000001238DFFFE1 /* Resources */,
				B1LLAMA0000000F3 /* Embed Frameworks */,
			);
			buildRules = (
			);
			dependencies = (
			);
			name = FitPulse;
			packageProductDependencies = (
				C1A00001000000D0 /* GoogleSignIn */,
				C1A00001000000D2 /* GoogleSignInSwift */,
			);
			productName = FitPulse;
			productReference = A1000001238D0000 /* FitPulse.app */;
			productType = "com.apple.product-type.application";
		};
/* End PBXNativeTarget section */

/* Begin PBXProject section */
		A1000001238DFFF8P /* Project object */ = {
			isa = PBXProject;
			attributes = {
				BuildIndependentTargetsInParallel = 1;
				LastSwiftUpdateCheck = 1500;
				LastUpgradeCheck = 1500;
				TargetAttributes = {
					A1000001238DFFFF1 = {
						CreatedOnToolsVersion = 15.0;
					};
				};
			};
			buildConfigurationList = A1000001238D0053 /* Build configuration list for PBXProject "FitPulse" */;
			compatibilityVersion = "Xcode 14.0";
			developmentRegion = en;
			hasScannedForEncodings = 0;
			knownRegions = (
				en,
				es,
				fr,
				Base,
			);
			mainGroup = A1000001238DFFF7;
			productRefGroup = A1000001238DFFFF /* Products */;
			projectDirPath = "";
			projectRoot = "";
			packageReferences = (
				C1A00001000000E0 /* XCRemoteSwiftPackageReference "GoogleSignIn-iOS" */,
			);
			targets = (
				A1000001238DFFFF1 /* FitPulse */,
			);
		};
/* End PBXProject section */

/* Begin PBXResourcesBuildPhase section */
		A1000001238DFFFE1 /* Resources */ = {
			isa = PBXResourcesBuildPhase;
			buildActionMask = 2147483647;
			files = (
				A1000001238D0005 /* Assets.xcassets in Resources */,
				B1LLAMA00000000B /* gemma-3-1b-it-Q4_K_M.gguf in Resources */,
				L10N00000003 /* Localizable.xcstrings in Resources */,
			);
			runOnlyForDeploymentPostprocessing = 0;
		};
/* End PBXResourcesBuildPhase section */

/* Begin PBXSourcesBuildPhase section */
		A1000001238DFFFC1 /* Sources */ = {
			isa = PBXSourcesBuildPhase;
			buildActionMask = 2147483647;
			files = (
				BA1ADB364EA9431BA6EA7916 /* ExerciseModels.swift in Sources */,
				D053C50CAE1B4BAB9B5F2B07 /* WorkoutTemplate.swift in Sources */,
				EE363289665C4440B4152B34 /* ExerciseLibrary.swift in Sources */,
				737EAEDD29384867A2F7D2EF /* ExerciseLibraryView.swift in Sources */,
				51147FF0BAB34B698D769E79 /* WorkoutTemplatesView.swift in Sources */,
				17614C8684394FE9949CF9B4 /* WeightTrendsView.swift in Sources */,
				5ED34009F7ED49F5AA39FE3E /* WeightTrendsViewModel.swift in Sources */,
				0424201D2D474F7CAC86B71A /* WorkoutTemplatesViewModel.swift in Sources */,
				A1000001238D0001 /* FitPulseApp.swift in Sources */,
				A1000001238D0003 /* ContentView.swift in Sources */,
				A1000001238D0007 /* DashboardView.swift in Sources */,
				A1000001238D0009 /* WorkoutsView.swift in Sources */,
				A1000001238D000B /* NutritionView.swift in Sources */,
				A1000001238D000D /* RecoveryView.swift in Sources */,
				A1000001238D000F /* SettingsView.swift in Sources */,
				A1000001238D0011 /* HealthModels.swift in Sources */,
				A1000001238D0013 /* UserProfile.swift in Sources */,
				A1000001238D0015 /* HealthKitService.swift in Sources */,
				A1000001238D0017 /* NutritionCalculator.swift in Sources */,
				A1000001238D0019 /* RecoveryAnalyzer.swift in Sources */,
				A1000001238D001B /* DashboardViewModel.swift in Sources */,
				A1000001238D001D /* WorkoutsViewModel.swift in Sources */,
				A1000001238D001F /* NutritionViewModel.swift in Sources */,
				A1000001238D0021 /* RecoveryViewModel.swift in Sources */,
				A1000001238D0023 /* SettingsViewModel.swift in Sources */,
				A1000001238D0025 /* MetricCard.swift in Sources */,
				A1000001238D0027 /* ActivityRing.swift in Sources */,
				A1000001238D0029 /* TrendChart.swift in Sources */,
				A1000001238D002B /* MealCard.swift in Sources */,
				A1000001238D002D /* RecoveryIndicator.swift in Sources */,
				A1000001238D002F /* Date+Extensions.swift in Sources */,
				A1000001238D0031 /* Color+Extensions.swift in Sources */,
				A1000001238D0033 /* Double+Extensions.swift in Sources */,
				A1000001238D0035 /* WorkoutDetailView.swift in Sources */,
				A1000001238D0037 /* OnboardingView.swift in Sources */,
				A1000001238D0039 /* InsightsView.swift in Sources */,
				A1000001238D003B /* MealPlannerService.swift in Sources */,
				A1000001238D003D /* PersistenceController.swift in Sources */,
				A1000001238D003F /* WorkoutCard.swift in Sources */,
				A1000001238D0041 /* MacroRing.swift in Sources */,
				A1000001238D0043 /* WeeklyProgressView.swift in Sources */,
				A1000001238D0060 /* GymView.swift in Sources */,
				A1000001238D0062 /* ChatView.swift in Sources */,
				A1000001238D0064 /* ProfileView.swift in Sources */,
				A1000001238D0066 /* GymWorkoutDetailView.swift in Sources */,
				A1000001238D0068 /* WorkoutPlanGeneratorView.swift in Sources */,
				A1000001238D006A /* LLMService.swift in Sources */,
				A1000001238D006C /* HealthDataParser.swift in Sources */,
				A1000001238D00D0 /* NutritionDatabase.swift in Sources */,
				A1000001238D006E /* GymViewModel.swift in Sources */,
				A1000001238D0070 /* LocalLLMService.swift in Sources */,
				A1000001238D0072 /* LlamaContext.swift in Sources */,
				A1000001238D0080 /* HydrationModels.swift in Sources */,
				A1000001238D0082 /* HydrationService.swift in Sources */,
				A1000001238D0084 /* TrainingNutritionService.swift in Sources */,
				A1000001238D0086 /* HydrationViewModel.swift in Sources */,
				A1000001238D0088 /* HydrationView.swift in Sources */,
				A1000001238D008A /* HydrationCard.swift in Sources */,
				A1000001238D0090 /* HomeView.swift in Sources */,
				A1000001238D0092 /* HomeViewModel.swift in Sources */,
				A1000001238D0094 /* TodaysPriorityCard.swift in Sources */,
				A1000001238D0096 /* MomentumRing.swift in Sources */,
				A1000001238D0098 /* QuickActionsBar.swift in Sources */,
				A1000001238D00A0 /* EngagementModels.swift in Sources */,
				A1000001238D00A2 /* StreakService.swift in Sources */,
				A1000001238D00A4 /* AchievementService.swift in Sources */,
				A1000001238D00A6 /* NotificationService.swift in Sources */,
				A1000001238D00A8 /* GoalPredictionService.swift in Sources */,
				A1000001238D00AA /* ChallengeService.swift in Sources */,
				A1000001238D00AC /* StreakComponents.swift in Sources */,
				A1000001238D00AE /* AchievementComponents.swift in Sources */,
				A1000001238D00B0 /* GoalProgressComponents.swift in Sources */,
				A1000001238D00B2 /* ChallengeComponents.swift in Sources */,
				A1000001238D00B4 /* EngagementViewModel.swift in Sources */,
				A1000001238D00B6 /* EngagementView.swift in Sources */,
				EF704445392443E9801A964F /* ReportGenerator.swift in Sources */,
				9EFD657C58CD40DCAFC4EF7B /* AnalyticsDashboardView.swift in Sources */,
				98F39FDA69924FF38730CE74 /* AnalyticsDashboardViewModel.swift in Sources */,
				69B4BC059A254A208A1B71A2 /* PaywallView.swift in Sources */,
				087A4FCC92CC410D9A74E2C6 /* SubscriptionManager.swift in Sources */,
				C1A00001000000C1 /* AuthModels.swift in Sources */,
				C1A00001000000C3 /* AuthService.swift in Sources */,
				C1A00001000000C5 /* CloudSyncService.swift in Sources */,
				C1A00001000000C7 /* AuthView.swift in Sources */,
				L10N00000001 /* LocaleHelper.swift in Sources */,
			);
			runOnlyForDeploymentPostprocessing = 0;
		};
/* End PBXSourcesBuildPhase section */

/* Begin XCBuildConfiguration section */
		A1000001238D0054 /* Debug */ = {
			isa = XCBuildConfiguration;
			buildSettings = {
				ALWAYS_SEARCH_USER_PATHS = NO;
				ASSETCATALOG_COMPILER_GENERATE_SWIFT_ASSET_SYMBOL_EXTENSIONS = YES;
				CLANG_ANALYZER_NONNULL = YES;
				CLANG_ANALYZER_NUMBER_OBJECT_CONVERSION = YES_AGGRESSIVE;
				CLANG_CXX_LANGUAGE_STANDARD = "gnu++20";
				CLANG_ENABLE_MODULES = YES;
				CLANG_ENABLE_OBJC_ARC = YES;
				CLANG_ENABLE_OBJC_WEAK = YES;
				CLANG_WARN_BLOCK_CAPTURE_AUTORELEASING = YES;
				CLANG_WARN_BOOL_CONVERSION = YES;
				CLANG_WARN_COMMA = YES;
				CLANG_WARN_CONSTANT_CONVERSION = YES;
				CLANG_WARN_DEPRECATED_OBJC_IMPLEMENTATIONS = YES;
				CLANG_WARN_DIRECT_OBJC_ISA_USAGE = YES_ERROR;
				CLANG_WARN_DOCUMENTATION_COMMENTS = YES;
				CLANG_WARN_EMPTY_BODY = YES;
				CLANG_WARN_ENUM_CONVERSION = YES;
				CLANG_WARN_INFINITE_RECURSION = YES;
				CLANG_WARN_INT_CONVERSION = YES;
				CLANG_WARN_NON_LITERAL_NULL_CONVERSION = YES;
				CLANG_WARN_OBJC_IMPLICIT_RETAIN_SELF = YES;
				CLANG_WARN_OBJC_LITERAL_CONVERSION = YES;
				CLANG_WARN_OBJC_ROOT_CLASS = YES_ERROR;
				CLANG_WARN_QUOTED_INCLUDE_IN_FRAMEWORK_HEADER = YES;
				CLANG_WARN_RANGE_LOOP_ANALYSIS = YES;
				CLANG_WARN_STRICT_PROTOTYPES = YES;
				CLANG_WARN_SUSPICIOUS_MOVE = YES;
				CLANG_WARN_UNGUARDED_AVAILABILITY = YES_AGGRESSIVE;
				CLANG_WARN_UNREACHABLE_CODE = YES;
				CLANG_WARN__DUPLICATE_METHOD_MATCH = YES;
				COPY_PHASE_STRIP = NO;
				DEBUG_INFORMATION_FORMAT = dwarf;
				ENABLE_STRICT_OBJC_MSGSEND = YES;
				ENABLE_TESTABILITY = YES;
				ENABLE_USER_SCRIPT_SANDBOXING = YES;
				GCC_C_LANGUAGE_STANDARD = gnu17;
				GCC_DYNAMIC_NO_PIC = NO;
				GCC_NO_COMMON_BLOCKS = YES;
				GCC_OPTIMIZATION_LEVEL = 0;
				GCC_PREPROCESSOR_DEFINITIONS = (
					"DEBUG=1",
					"$(inherited)",
				);
				GCC_WARN_64_TO_32_BIT_CONVERSION = YES;
				GCC_WARN_ABOUT_RETURN_TYPE = YES_ERROR;
				GCC_WARN_UNDECLARED_SELECTOR = YES;
				GCC_WARN_UNINITIALIZED_AUTOS = YES_AGGRESSIVE;
				GCC_WARN_UNUSED_FUNCTION = YES;
				GCC_WARN_UNUSED_VARIABLE = YES;
				IPHONEOS_DEPLOYMENT_TARGET = 17.0;
				LOCALIZATION_PREFERS_STRING_CATALOGS = YES;
				MTL_ENABLE_DEBUG_INFO = INCLUDE_SOURCE;
				MTL_FAST_MATH = YES;
				ONLY_ACTIVE_ARCH = YES;
				SDKROOT = iphoneos;
				SWIFT_ACTIVE_COMPILATION_CONDITIONS = "DEBUG $(inherited)";
				SWIFT_OPTIMIZATION_LEVEL = "-Onone";
			};
			name = Debug;
		};
		A1000001238D0055 /* Release */ = {
			isa = XCBuildConfiguration;
			buildSettings = {
				ALWAYS_SEARCH_USER_PATHS = NO;
				ASSETCATALOG_COMPILER_GENERATE_SWIFT_ASSET_SYMBOL_EXTENSIONS = YES;
				CLANG_ANALYZER_NONNULL = YES;
				CLANG_ANALYZER_NUMBER_OBJECT_CONVERSION = YES_AGGRESSIVE;
				CLANG_CXX_LANGUAGE_STANDARD = "gnu++20";
				CLANG_ENABLE_MODULES = YES;
				CLANG_ENABLE_OBJC_ARC = YES;
				CLANG_ENABLE_OBJC_WEAK = YES;
				CLANG_WARN_BLOCK_CAPTURE_AUTORELEASING = YES;
				CLANG_WARN_BOOL_CONVERSION = YES;
				CLANG_WARN_COMMA = YES;
				CLANG_WARN_CONSTANT_CONVERSION = YES;
				CLANG_WARN_DEPRECATED_OBJC_IMPLEMENTATIONS = YES;
				CLANG_WARN_DIRECT_OBJC_ISA_USAGE = YES_ERROR;
				CLANG_WARN_DOCUMENTATION_COMMENTS = YES;
				CLANG_WARN_EMPTY_BODY = YES;
				CLANG_WARN_ENUM_CONVERSION = YES;
				CLANG_WARN_INFINITE_RECURSION = YES;
				CLANG_WARN_INT_CONVERSION = YES;
				CLANG_WARN_NON_LITERAL_NULL_CONVERSION = YES;
				CLANG_WARN_OBJC_IMPLICIT_RETAIN_SELF = YES;
				CLANG_WARN_OBJC_LITERAL_CONVERSION = YES;
				CLANG_WARN_OBJC_ROOT_CLASS = YES_ERROR;
				CLANG_WARN_QUOTED_INCLUDE_IN_FRAMEWORK_HEADER = YES;
				CLANG_WARN_RANGE_LOOP_ANALYSIS = YES;
				CLANG_WARN_STRICT_PROTOTYPES = YES;
				CLANG_WARN_SUSPICIOUS_MOVE = YES;
				CLANG_WARN_UNGUARDED_AVAILABILITY = YES_AGGRESSIVE;
				CLANG_WARN_UNREACHABLE_CODE = YES;
				CLANG_WARN__DUPLICATE_METHOD_MATCH = YES;
				COPY_PHASE_STRIP = NO;
				DEBUG_INFORMATION_FORMAT = "dwarf-with-dsym";
				ENABLE_NS_ASSERTIONS = NO;
				ENABLE_STRICT_OBJC_MSGSEND = YES;
				ENABLE_USER_SCRIPT_SANDBOXING = YES;
				GCC_C_LANGUAGE_STANDARD = gnu17;
				GCC_NO_COMMON_BLOCKS = YES;
				GCC_WARN_64_TO_32_BIT_CONVERSION = YES;
				GCC_WARN_ABOUT_RETURN_TYPE = YES_ERROR;
				GCC_WARN_UNDECLARED_SELECTOR = YES;
				GCC_WARN_UNINITIALIZED_AUTOS = YES_AGGRESSIVE;
				GCC_WARN_UNUSED_FUNCTION = YES;
				GCC_WARN_UNUSED_VARIABLE = YES;
				IPHONEOS_DEPLOYMENT_TARGET = 17.0;
				LOCALIZATION_PREFERS_STRING_CATALOGS = YES;
				MTL_ENABLE_DEBUG_INFO = NO;
				MTL_FAST_MATH = YES;
				SDKROOT = iphoneos;
				SWIFT_COMPILATION_MODE = wholemodule;
				VALIDATE_PRODUCT = YES;
			};
			name = Release;
		};
		A1000001238D0056 /* Debug */ = {
			isa = XCBuildConfiguration;
			buildSettings = {
				ASSETCATALOG_COMPILER_APPICON_NAME = AppIcon;
				ASSETCATALOG_COMPILER_GLOBAL_ACCENT_COLOR_NAME = AccentColor;
				CODE_SIGN_ENTITLEMENTS = FitPulse/FitPulse.entitlements;
				CODE_SIGN_STYLE = Automatic;
				DEVELOPMENT_TEAM = GHDDYR5CCV;
				CURRENT_PROJECT_VERSION = 1;
				DEVELOPMENT_ASSET_PATHS = "\"FitPulse/Preview Content\"";
				ENABLE_PREVIEWS = YES;
				GENERATE_INFOPLIST_FILE = YES;
				INFOPLIST_FILE = FitPulse/Info.plist;
				INFOPLIST_KEY_CFBundleDisplayName = FitPulse;
				INFOPLIST_KEY_LSApplicationCategoryType = "public.app-category.healthcare-fitness";
				INFOPLIST_KEY_NSHealthShareUsageDescription = "FitPulse needs access to your health data to provide personalized fitness insights, nutrition recommendations, and recovery analysis.";
				INFOPLIST_KEY_NSHealthUpdateUsageDescription = "FitPulse can save your workout data and nutrition logs to Apple Health.";
				INFOPLIST_KEY_UIApplicationSceneManifest_Generation = YES;
				INFOPLIST_KEY_UIApplicationSupportsIndirectInputEvents = YES;
				INFOPLIST_KEY_UILaunchScreen_Generation = YES;
				INFOPLIST_KEY_UISupportedInterfaceOrientations_iPad = "UIInterfaceOrientationPortrait UIInterfaceOrientationPortraitUpsideDown UIInterfaceOrientationLandscapeLeft UIInterfaceOrientationLandscapeRight";
				INFOPLIST_KEY_UISupportedInterfaceOrientations_iPhone = "UIInterfaceOrientationPortrait UIInterfaceOrientationLandscapeLeft UIInterfaceOrientationLandscapeRight";
				LD_RUNPATH_SEARCH_PATHS = (
					"$(inherited)",
					"@executable_path/Frameworks",
				);
				MARKETING_VERSION = 1.0;
				PRODUCT_BUNDLE_IDENTIFIER = com.anderalvarez.fitpulse;
				PRODUCT_NAME = "$(TARGET_NAME)";
				SWIFT_EMIT_LOC_STRINGS = YES;
				SWIFT_VERSION = 5.0;
				TARGETED_DEVICE_FAMILY = "1,2";
			};
			name = Debug;
		};
		A1000001238D0057 /* Release */ = {
			isa = XCBuildConfiguration;
			buildSettings = {
				ASSETCATALOG_COMPILER_APPICON_NAME = AppIcon;
				ASSETCATALOG_COMPILER_GLOBAL_ACCENT_COLOR_NAME = AccentColor;
				CODE_SIGN_ENTITLEMENTS = FitPulse/FitPulse.entitlements;
				CODE_SIGN_STYLE = Automatic;
				DEVELOPMENT_TEAM = GHDDYR5CCV;
				CURRENT_PROJECT_VERSION = 1;
				DEVELOPMENT_ASSET_PATHS = "\"FitPulse/Preview Content\"";
				ENABLE_PREVIEWS = YES;
				GENERATE_INFOPLIST_FILE = YES;
				INFOPLIST_FILE = FitPulse/Info.plist;
				INFOPLIST_KEY_CFBundleDisplayName = FitPulse;
				INFOPLIST_KEY_LSApplicationCategoryType = "public.app-category.healthcare-fitness";
				INFOPLIST_KEY_NSHealthShareUsageDescription = "FitPulse needs access to your health data to provide personalized fitness insights, nutrition recommendations, and recovery analysis.";
				INFOPLIST_KEY_NSHealthUpdateUsageDescription = "FitPulse can save your workout data and nutrition logs to Apple Health.";
				INFOPLIST_KEY_UIApplicationSceneManifest_Generation = YES;
				INFOPLIST_KEY_UIApplicationSupportsIndirectInputEvents = YES;
				INFOPLIST_KEY_UILaunchScreen_Generation = YES;
				INFOPLIST_KEY_UISupportedInterfaceOrientations_iPad = "UIInterfaceOrientationPortrait UIInterfaceOrientationPortraitUpsideDown UIInterfaceOrientationLandscapeLeft UIInterfaceOrientationLandscapeRight";
				INFOPLIST_KEY_UISupportedInterfaceOrientations_iPhone = "UIInterfaceOrientationPortrait UIInterfaceOrientationLandscapeLeft UIInterfaceOrientationLandscapeRight";
				LD_RUNPATH_SEARCH_PATHS = (
					"$(inherited)",
					"@executable_path/Frameworks",
				);
				MARKETING_VERSION = 1.0;
				PRODUCT_BUNDLE_IDENTIFIER = com.anderalvarez.fitpulse;
				PRODUCT_NAME = "$(TARGET_NAME)";
				SWIFT_EMIT_LOC_STRINGS = YES;
				SWIFT_VERSION = 5.0;
				TARGETED_DEVICE_FAMILY = "1,2";
			};
			name = Release;
		};
/* End XCBuildConfiguration section */

/* Begin XCConfigurationList section */
		A1000001238D0052 /* Build configuration list for PBXNativeTarget "FitPulse" */ = {
			isa = XCConfigurationList;
			buildConfigurations = (
				A1000001238D0056 /* Debug */,
				A1000001238D0057 /* Release */,
			);
			defaultConfigurationIsVisible = 0;
			defaultConfigurationName = Release;
		};
		A1000001238D0053 /* Build configuration list for PBXProject "FitPulse" */ = {
			isa = XCConfigurationList;
			buildConfigurations = (
				A1000001238D0054 /* Debug */,
				A1000001238D0055 /* Release */,
			);
			defaultConfigurationIsVisible = 0;
			defaultConfigurationName = Release;
		};
/* End XCConfigurationList section */

/* Begin XCRemoteSwiftPackageReference section */
		C1A00001000000E0 /* XCRemoteSwiftPackageReference "GoogleSignIn-iOS" */ = {
			isa = XCRemoteSwiftPackageReference;
			repositoryURL = "https://github.com/google/GoogleSignIn-iOS";
			requirement = {
				kind = upToNextMajorVersion;
				minimumVersion = 8.0.0;
			};
		};
/* End XCRemoteSwiftPackageReference section */

/* Begin XCSwiftPackageProductDependency section */
		C1A00001000000D0 /* GoogleSignIn */ = {
			isa = XCSwiftPackageProductDependency;
			package = C1A00001000000E0 /* XCRemoteSwiftPackageReference "GoogleSignIn-iOS" */;
			productName = GoogleSignIn;
		};
		C1A00001000000D2 /* GoogleSignInSwift */ = {
			isa = XCSwiftPackageProductDependency;
			package = C1A00001000000E0 /* XCRemoteSwiftPackageReference "GoogleSignIn-iOS" */;
			productName = GoogleSignInSwift;
		};
/* End XCSwiftPackageProductDependency section */

	};
	rootObject = A1000001238DFFF8P /* Project object */;
}
